
Microsoft Visual Studio Solution File, Format Version 12.00
# Visual Studio Version 17
VisualStudioVersion = 17.7.34024.191
MinimumVisualStudioVersion = 10.0.40219.1
Project("{FAE04EC0-301F-11D3-BF4B-00C04F79EFBC}") = "Blog.Web", "Blog.Web\Blog.Web.csproj", "{96B617DC-7336-482D-B016-D4B1F22A2A44}"
EndProject
Global
	GlobalSection(SolutionConfigurationPlatforms) = preSolution
		Debug|Any CPU = Debug|Any CPU
		Release|Any CPU = Release|Any CPU
	EndGlobalSection
	GlobalSection(ProjectConfigurationPlatforms) = postSolution
		{96B617DC-7336-482D-B016-D4B1F22A2A44}.Debug|Any CPU.ActiveCfg = Debug|Any CPU
		{96B617DC-7336-482D-B016-D4B1F22A2A44}.Debug|Any CPU.Build.0 = Debug|Any CPU
		{96B617DC-7336-482D-B016-D4B1F22A2A44}.Release|Any CPU.ActiveCfg = Release|Any CPU
		{96B617DC-7336-482D-B016-D4B1F22A2A44}.Release|Any CPU.Build.0 = Release|Any CPU
	EndGlobalSection
	GlobalSection(SolutionProperties) = preSolution
		HideSolutionNode = FALSE
	EndGlobalSection
	GlobalSection(ExtensibilityGlobals) = postSolution
		SolutionGuid = {DD067787-45B8-4076-9726-7A9438E3E98D}
	EndGlobalSection
EndGlobal
